
Microsoft Visual Studio Solution File, Format Version 12.00
Project("{FAE04EC0-301F-11D3-BF4B-00C04F79EFBC}") = "Transformation", "Transformation\Transformation.csproj", "{22A86335-A7EA-4F94-98DA-64290974E761}"
EndProject
Project("{FAE04EC0-301F-11D3-BF4B-00C04F79EFBC}") = "Benchmarks", "Benchmarks\Benchmarks.csproj", "{B7266CDE-6BD4-461E-83D2-6E909971DAE2}"
EndProject
Project("{FAE04EC0-301F-11D3-BF4B-00C04F79EFBC}") = "Tests", "Tests\Tests.csproj", "{6A8F443A-AEAD-4068-B24E-E2017952B6AD}"
EndProject
Global
	GlobalSection(SolutionConfigurationPlatforms) = preSolution
		Debug|Any CPU = Debug|Any CPU
		Release|Any CPU = Release|Any CPU
	EndGlobalSection
	GlobalSection(ProjectConfigurationPlatforms) = postSolution
		{22A86335-A7EA-4F94-98DA-64290974E761}.Debug|Any CPU.ActiveCfg = Debug|Any CPU
		{22A86335-A7EA-4F94-98DA-64290974E761}.Debug|Any CPU.Build.0 = Debug|Any CPU
		{22A86335-A7EA-4F94-98DA-64290974E761}.Release|Any CPU.ActiveCfg = Release|Any CPU
		{22A86335-A7EA-4F94-98DA-64290974E761}.Release|Any CPU.Build.0 = Release|Any CPU
		{B7266CDE-6BD4-461E-83D2-6E909971DAE2}.Debug|Any CPU.ActiveCfg = Debug|Any CPU
		{B7266CDE-6BD4-461E-83D2-6E909971DAE2}.Debug|Any CPU.Build.0 = Debug|Any CPU
		{B7266CDE-6BD4-461E-83D2-6E909971DAE2}.Release|Any CPU.ActiveCfg = Release|Any CPU
		{B7266CDE-6BD4-461E-83D2-6E909971DAE2}.Release|Any CPU.Build.0 = Release|Any CPU
		{6A8F443A-AEAD-4068-B24E-E2017952B6AD}.Debug|Any CPU.ActiveCfg = Debug|Any CPU
		{6A8F443A-AEAD-4068-B24E-E2017952B6AD}.Debug|Any CPU.Build.0 = Debug|Any CPU
		{6A8F443A-AEAD-4068-B24E-E2017952B6AD}.Release|Any CPU.ActiveCfg = Release|Any CPU
		{6A8F443A-AEAD-4068-B24E-E2017952B6AD}.Release|Any CPU.Build.0 = Release|Any CPU
	EndGlobalSection
EndGlobal
